
Microsoft Visual Studio Solution File, Format Version 12.00
# Visual Studio Version 16
VisualStudioVersion = 16.0.29728.190
MinimumVisualStudioVersion = 10.0.40219.1
Project("{FAE04EC0-301F-11D3-BF4B-00C04F79EFBC}") = "TestWebApi", "TestWebApi\TestWebApi.csproj", "{203CB858-A742-4B92-BD45-2B7B9A0AF759}"
EndProject
Global
	GlobalSection(SolutionConfigurationPlatforms) = preSolution
		Debug|Any CPU = Debug|Any CPU
		Release|Any CPU = Release|Any CPU
	EndGlobalSection
	GlobalSection(ProjectConfigurationPlatforms) = postSolution
		{203CB858-A742-4B92-BD45-2B7B9A0AF759}.Debug|Any CPU.ActiveCfg = Debug|Any CPU
		{203CB858-A742-4B92-BD45-2B7B9A0AF759}.Debug|Any CPU.Build.0 = Debug|Any CPU
		{203CB858-A742-4B92-BD45-2B7B9A0AF759}.Release|Any CPU.ActiveCfg = Release|Any CPU
		{203CB858-A742-4B92-BD45-2B7B9A0AF759}.Release|Any CPU.Build.0 = Release|Any CPU
	EndGlobalSection
	GlobalSection(SolutionProperties) = preSolution
		HideSolutionNode = FALSE
	EndGlobalSection
	GlobalSection(ExtensibilityGlobals) = postSolution
		SolutionGuid = {D1219505-3B73-46F9-B0A2-1502F93F6C4C}
	EndGlobalSection
EndGlobal
